
Microsoft Visual Studio Solution File, Format Version 12.00
# Visual Studio Version 16
VisualStudioVersion = 16.0.30611.23
MinimumVisualStudioVersion = 10.0.40219.1
Project("{FAE04EC0-301F-11D3-BF4B-00C04F79EFBC}") = "SRP", "SRP.csproj", "{0A5D5435-D7B7-4DA7-98C9-49B11D9D32E0}"
EndProject
Project("{FAE04EC0-301F-11D3-BF4B-00C04F79EFBC}") = "OCP", "..\OCP\OCP.csproj", "{B195B529-728B-40C4-98BE-6D5DD6179B40}"
EndProject
Project("{FAE04EC0-301F-11D3-BF4B-00C04F79EFBC}") = "LSP", "..\LSP\LSP.csproj", "{FE853D0E-DD70-4857-92C3-DAAD54A12E75}"
EndProject
Project("{FAE04EC0-301F-11D3-BF4B-00C04F79EFBC}") = "ISP", "..\ISP\ISP.csproj", "{0DD7FA13-5F2A-4DA2-AC02-579E345796DE}"
EndProject
Project("{FAE04EC0-301F-11D3-BF4B-00C04F79EFBC}") = "DIP", "..\DIP\DIP.csproj", "{9798BEA7-50FF-47B3-AAEF-59D028116BD6}"
EndProject
Global
	GlobalSection(SolutionConfigurationPlatforms) = preSolution
		Debug|Any CPU = Debug|Any CPU
		Release|Any CPU = Release|Any CPU
	EndGlobalSection
	GlobalSection(ProjectConfigurationPlatforms) = postSolution
		{0A5D5435-D7B7-4DA7-98C9-49B11D9D32E0}.Debug|Any CPU.ActiveCfg = Debug|Any CPU
		{0A5D5435-D7B7-4DA7-98C9-49B11D9D32E0}.Debug|Any CPU.Build.0 = Debug|Any CPU
		{0A5D5435-D7B7-4DA7-98C9-49B11D9D32E0}.Release|Any CPU.ActiveCfg = Release|Any CPU
		{0A5D5435-D7B7-4DA7-98C9-49B11D9D32E0}.Release|Any CPU.Build.0 = Release|Any CPU
		{B195B529-728B-40C4-98BE-6D5DD6179B40}.Debug|Any CPU.ActiveCfg = Debug|Any CPU
		{B195B529-728B-40C4-98BE-6D5DD6179B40}.Debug|Any CPU.Build.0 = Debug|Any CPU
		{B195B529-728B-40C4-98BE-6D5DD6179B40}.Release|Any CPU.ActiveCfg = Release|Any CPU
		{B195B529-728B-40C4-98BE-6D5DD6179B40}.Release|Any CPU.Build.0 = Release|Any CPU
		{FE853D0E-DD70-4857-92C3-DAAD54A12E75}.Debug|Any CPU.ActiveCfg = Debug|Any CPU
		{FE853D0E-DD70-4857-92C3-DAAD54A12E75}.Debug|Any CPU.Build.0 = Debug|Any CPU
		{FE853D0E-DD70-4857-92C3-DAAD54A12E75}.Release|Any CPU.ActiveCfg = Release|Any CPU
		{FE853D0E-DD70-4857-92C3-DAAD54A12E75}.Release|Any CPU.Build.0 = Release|Any CPU
		{0DD7FA13-5F2A-4DA2-AC02-579E345796DE}.Debug|Any CPU.ActiveCfg = Debug|Any CPU
		{0DD7FA13-5F2A-4DA2-AC02-579E345796DE}.Debug|Any CPU.Build.0 = Debug|Any CPU
		{0DD7FA13-5F2A-4DA2-AC02-579E345796DE}.Release|Any CPU.ActiveCfg = Release|Any CPU
		{0DD7FA13-5F2A-4DA2-AC02-579E345796DE}.Release|Any CPU.Build.0 = Release|Any CPU
		{9798BEA7-50FF-47B3-AAEF-59D028116BD6}.Debug|Any CPU.ActiveCfg = Debug|Any CPU
		{9798BEA7-50FF-47B3-AAEF-59D028116BD6}.Debug|Any CPU.Build.0 = Debug|Any CPU
		{9798BEA7-50FF-47B3-AAEF-59D028116BD6}.Release|Any CPU.ActiveCfg = Release|Any CPU
		{9798BEA7-50FF-47B3-AAEF-59D028116BD6}.Release|Any CPU.Build.0 = Release|Any CPU
	EndGlobalSection
	GlobalSection(SolutionProperties) = preSolution
		HideSolutionNode = FALSE
	EndGlobalSection
	GlobalSection(ExtensibilityGlobals) = postSolution
		SolutionGuid = {25B597C3-4C4C-4DDC-88B3-E52A3C8DB71C}
	EndGlobalSection
EndGlobal
